
Microsoft Visual Studio Solution File, Format Version 12.00
# Visual Studio Version 17
VisualStudioVersion = 17.1.32210.238
MinimumVisualStudioVersion = 10.0.40219.1
Project("{8BC9CEB8-8B4A-11D0-8D11-00A0C91BC942}") = "data-structure", "data-structure\data-structure.vcxproj", "{3ABB88AD-DC94-4157-A6E2-93FC97617572}"
EndProject
Global
	GlobalSection(SolutionConfigurationPlatforms) = preSolution
		Debug|x64 = Debug|x64
		Debug|x86 = Debug|x86
		Release|x64 = Release|x64
		Release|x86 = Release|x86
	EndGlobalSection
	GlobalSection(ProjectConfigurationPlatforms) = postSolution
		{3ABB88AD-DC94-4157-A6E2-93FC97617572}.Debug|x64.ActiveCfg = Debug|x64
		{3ABB88AD-DC94-4157-A6E2-93FC97617572}.Debug|x64.Build.0 = Debug|x64
		{3ABB88AD-DC94-4157-A6E2-93FC97617572}.Debug|x86.ActiveCfg = Debug|Win32
		{3ABB88AD-DC94-4157-A6E2-93FC97617572}.Debug|x86.Build.0 = Debug|Win32
		{3ABB88AD-DC94-4157-A6E2-93FC97617572}.Release|x64.ActiveCfg = Release|x64
		{3ABB88AD-DC94-4157-A6E2-93FC97617572}.Release|x64.Build.0 = Release|x64
		{3ABB88AD-DC94-4157-A6E2-93FC97617572}.Release|x86.ActiveCfg = Release|Win32
		{3ABB88AD-DC94-4157-A6E2-93FC97617572}.Release|x86.Build.0 = Release|Win32
	EndGlobalSection
	GlobalSection(SolutionProperties) = preSolution
		HideSolutionNode = FALSE
	EndGlobalSection
	GlobalSection(ExtensibilityGlobals) = postSolution
		SolutionGuid = {625700EE-969D-4F7C-9524-FC4E544FC625}
	EndGlobalSection
EndGlobal
