<?xml version="1.0" encoding="utf-8"?>
<Project ToolsVersion="4.0" xmlns="http://schemas.microsoft.com/developer/msbuild/2003">
  <ItemGroup>
    <Filter Include="源文件">
      <UniqueIdentifier>{4FC737F1-C7A5-4376-A066-2A32D752A2FF}</UniqueIdentifier>
      <Extensions>cpp;c;cc;cxx;c++;cppm;ixx;def;odl;idl;hpj;bat;asm;asmx</Extensions>
    </Filter>
    <Filter Include="头文件">
      <UniqueIdentifier>{93995380-89BD-4b04-88EB-625FBE52EBFB}</UniqueIdentifier>
      <Extensions>h;hh;hpp;hxx;h++;hm;inl;inc;ipp;xsd</Extensions>
    </Filter>
    <Filter Include="资源文件">
      <UniqueIdentifier>{67DA6AB6-F800-4c08-8B7A-83BB121AAD01}</UniqueIdentifier>
      <Extensions>rc;ico;cur;bmp;dlg;rc2;rct;bin;rgs;gif;jpg;jpeg;jpe;resx;tiff;tif;png;wav;mfcribbon-ms</Extensions>
    </Filter>
    <Filter Include="源文件\线性表">
      <UniqueIdentifier>{feb9ddea-46ab-43a5-b0a9-6d80c2fec486}</UniqueIdentifier>
    </Filter>
    <Filter Include="源文件\线性表\Learning%28Pass%29">
      <UniqueIdentifier>{4dd1433c-d34c-4f6c-b019-6645158cf175}</UniqueIdentifier>
    </Filter>
    <Filter Include="源文件\栈">
      <UniqueIdentifier>{841503eb-fd89-4e36-ba31-66e223d2c6f0}</UniqueIdentifier>
    </Filter>
  </ItemGroup>
  <ItemGroup>
    <ClCompile Include="X循序存储.cpp">
      <Filter>源文件\线性表\Learning%28Pass%29</Filter>
    </ClCompile>
    <ClCompile Include="X链式存储-带头结点.cpp">
      <Filter>源文件\线性表\Learning%28Pass%29</Filter>
    </ClCompile>
    <ClCompile Include="X链式存储-不带头结点.cpp">
      <Filter>源文件\线性表\Learning%28Pass%29</Filter>
    </ClCompile>
    <ClCompile Include="链式存储-头结点.cpp">
      <Filter>源文件\线性表</Filter>
    </ClCompile>
    <ClCompile Include="链式存储-不含头结点.cpp">
      <Filter>源文件\线性表</Filter>
    </ClCompile>
    <ClCompile Include="X双链表-带头结点.cpp">
      <Filter>源文件\线性表\Learning%28Pass%29</Filter>
    </ClCompile>
    <ClCompile Include="X静态链表.cpp">
      <Filter>源文件\线性表\Learning%28Pass%29</Filter>
    </ClCompile>
  </ItemGroup>
  <ItemGroup>
    <Text Include="链式存储-头结点代码注意点.txt">
      <Filter>源文件\线性表\Learning%28Pass%29</Filter>
    </Text>
    <Text Include="链式存储-不含头结点代码注意点.txt">
      <Filter>源文件\线性表\Learning%28Pass%29</Filter>
    </Text>
    <Text Include="循环链表.txt">
      <Filter>源文件\线性表\Learning%28Pass%29</Filter>
    </Text>
  </ItemGroup>
</Project>